
Microsoft Visual Studio Solution File, Format Version 12.00
# Visual Studio 2012
Project("{FAE04EC0-301F-11D3-BF4B-00C04F79EFBC}") = "TagQuant", "TagQuant.csproj", "{298B64E4-F767-4204-A9AC-EFDA8A7BC2E1}"
EndProject
Project("{FAE04EC0-301F-11D3-BF4B-00C04F79EFBC}") = "CSMSL", "..\..\CSMSL\CSMSL\CSMSL.csproj", "{3C8C9F05-9C19-4251-95FA-05D7EDC8CAE6}"
EndProject
Project("{FAE04EC0-301F-11D3-BF4B-00C04F79EFBC}") = "Thermo", "..\..\CSMSL\CSMSL\IO\Thermo\Thermo.csproj", "{24DC85FF-E97B-4140-9614-77DD8FDDD32F}"
EndProject
Project("{2150E333-8FDC-42A3-9474-1A3956D46DE8}") = ".nuget", ".nuget", "{D46FC93F-8987-403A-A9A3-F0BAAA043BFC}"
	ProjectSection(SolutionItems) = preProject
		.nuget\NuGet.Config = .nuget\NuGet.Config
		.nuget\NuGet.exe = .nuget\NuGet.exe
		.nuget\NuGet.targets = .nuget\NuGet.targets
	EndProjectSection
EndProject
Global
	GlobalSection(SolutionConfigurationPlatforms) = preSolution
		Debug|Any CPU = Debug|Any CPU
		Debug|x64 = Debug|x64
		Debug|x86 = Debug|x86
		Release|Any CPU = Release|Any CPU
		Release|x64 = Release|x64
		Release|x86 = Release|x86
	EndGlobalSection
	GlobalSection(ProjectConfigurationPlatforms) = postSolution
		{298B64E4-F767-4204-A9AC-EFDA8A7BC2E1}.Debug|Any CPU.ActiveCfg = Debug|Any CPU
		{298B64E4-F767-4204-A9AC-EFDA8A7BC2E1}.Debug|Any CPU.Build.0 = Debug|Any CPU
		{298B64E4-F767-4204-A9AC-EFDA8A7BC2E1}.Debug|x64.ActiveCfg = Debug|x86
		{298B64E4-F767-4204-A9AC-EFDA8A7BC2E1}.Debug|x86.ActiveCfg = Debug|x86
		{298B64E4-F767-4204-A9AC-EFDA8A7BC2E1}.Debug|x86.Build.0 = Debug|x86
		{298B64E4-F767-4204-A9AC-EFDA8A7BC2E1}.Release|Any CPU.ActiveCfg = Release|Any CPU
		{298B64E4-F767-4204-A9AC-EFDA8A7BC2E1}.Release|Any CPU.Build.0 = Release|Any CPU
		{298B64E4-F767-4204-A9AC-EFDA8A7BC2E1}.Release|x64.ActiveCfg = Release|x86
		{298B64E4-F767-4204-A9AC-EFDA8A7BC2E1}.Release|x86.ActiveCfg = Release|x86
		{298B64E4-F767-4204-A9AC-EFDA8A7BC2E1}.Release|x86.Build.0 = Release|x86
		{3C8C9F05-9C19-4251-95FA-05D7EDC8CAE6}.Debug|Any CPU.ActiveCfg = Debug|Any CPU
		{3C8C9F05-9C19-4251-95FA-05D7EDC8CAE6}.Debug|Any CPU.Build.0 = Debug|Any CPU
		{3C8C9F05-9C19-4251-95FA-05D7EDC8CAE6}.Debug|x64.ActiveCfg = Debug|x64
		{3C8C9F05-9C19-4251-95FA-05D7EDC8CAE6}.Debug|x64.Build.0 = Debug|x64
		{3C8C9F05-9C19-4251-95FA-05D7EDC8CAE6}.Debug|x86.ActiveCfg = Debug|x86
		{3C8C9F05-9C19-4251-95FA-05D7EDC8CAE6}.Debug|x86.Build.0 = Debug|x86
		{3C8C9F05-9C19-4251-95FA-05D7EDC8CAE6}.Release|Any CPU.ActiveCfg = Release|Any CPU
		{3C8C9F05-9C19-4251-95FA-05D7EDC8CAE6}.Release|Any CPU.Build.0 = Release|Any CPU
		{3C8C9F05-9C19-4251-95FA-05D7EDC8CAE6}.Release|x64.ActiveCfg = Release|x64
		{3C8C9F05-9C19-4251-95FA-05D7EDC8CAE6}.Release|x64.Build.0 = Release|x64
		{3C8C9F05-9C19-4251-95FA-05D7EDC8CAE6}.Release|x86.ActiveCfg = Release|x86
		{3C8C9F05-9C19-4251-95FA-05D7EDC8CAE6}.Release|x86.Build.0 = Release|x86
		{24DC85FF-E97B-4140-9614-77DD8FDDD32F}.Debug|Any CPU.ActiveCfg = Debug|Any CPU
		{24DC85FF-E97B-4140-9614-77DD8FDDD32F}.Debug|Any CPU.Build.0 = Debug|Any CPU
		{24DC85FF-E97B-4140-9614-77DD8FDDD32F}.Debug|x64.ActiveCfg = Debug|x64
		{24DC85FF-E97B-4140-9614-77DD8FDDD32F}.Debug|x64.Build.0 = Debug|x64
		{24DC85FF-E97B-4140-9614-77DD8FDDD32F}.Debug|x86.ActiveCfg = Debug|x86
		{24DC85FF-E97B-4140-9614-77DD8FDDD32F}.Debug|x86.Build.0 = Debug|x86
		{24DC85FF-E97B-4140-9614-77DD8FDDD32F}.Release|Any CPU.ActiveCfg = Release|Any CPU
		{24DC85FF-E97B-4140-9614-77DD8FDDD32F}.Release|Any CPU.Build.0 = Release|Any CPU
		{24DC85FF-E97B-4140-9614-77DD8FDDD32F}.Release|x64.ActiveCfg = Release|x64
		{24DC85FF-E97B-4140-9614-77DD8FDDD32F}.Release|x64.Build.0 = Release|x64
		{24DC85FF-E97B-4140-9614-77DD8FDDD32F}.Release|x86.ActiveCfg = Release|x86
		{24DC85FF-E97B-4140-9614-77DD8FDDD32F}.Release|x86.Build.0 = Release|x86
	EndGlobalSection
	GlobalSection(SolutionProperties) = preSolution
		HideSolutionNode = FALSE
	EndGlobalSection
EndGlobal
