
Microsoft Visual Studio Solution File, Format Version 11.00
# Visual Studio 2010
Project("{FAE04EC0-301F-11D3-BF4B-00C04F79EFBC}") = "Phosphinator", "Phosphinator.csproj", "{D8A7739D-4CAB-49FD-99C0-88FDEABDEF30}"
EndProject
Project("{FAE04EC0-301F-11D3-BF4B-00C04F79EFBC}") = "Net.Kniaz.LMA", "..\external\LMA\Net.Kniaz.LMA.csproj", "{A4303FDA-EBFA-44CC-A28F-F3D21B69F41C}"
EndProject
Project("{FAE04EC0-301F-11D3-BF4B-00C04F79EFBC}") = "GeneralMatrix", "..\external\GeneralMatrix\GeneralMatrix.csproj", "{AAE76890-51BC-4FAE-BFFD-C6DF20902F93}"
EndProject
Project("{FAE04EC0-301F-11D3-BF4B-00C04F79EFBC}") = "alglib", "..\external\alglib\alglib.csproj", "{836771FB-D33F-4EBD-BCA8-0523610B97CA}"
EndProject
Global
	GlobalSection(SolutionConfigurationPlatforms) = preSolution
		Debug|Any CPU = Debug|Any CPU
		Release|Any CPU = Release|Any CPU
	EndGlobalSection
	GlobalSection(ProjectConfigurationPlatforms) = postSolution
		{D8A7739D-4CAB-49FD-99C0-88FDEABDEF30}.Debug|Any CPU.ActiveCfg = Debug|Any CPU
		{D8A7739D-4CAB-49FD-99C0-88FDEABDEF30}.Debug|Any CPU.Build.0 = Debug|Any CPU
		{D8A7739D-4CAB-49FD-99C0-88FDEABDEF30}.Release|Any CPU.ActiveCfg = Release|Any CPU
		{D8A7739D-4CAB-49FD-99C0-88FDEABDEF30}.Release|Any CPU.Build.0 = Release|Any CPU
		{A4303FDA-EBFA-44CC-A28F-F3D21B69F41C}.Debug|Any CPU.ActiveCfg = Debug|Any CPU
		{A4303FDA-EBFA-44CC-A28F-F3D21B69F41C}.Debug|Any CPU.Build.0 = Debug|Any CPU
		{A4303FDA-EBFA-44CC-A28F-F3D21B69F41C}.Release|Any CPU.ActiveCfg = Release|Any CPU
		{A4303FDA-EBFA-44CC-A28F-F3D21B69F41C}.Release|Any CPU.Build.0 = Release|Any CPU
		{AAE76890-51BC-4FAE-BFFD-C6DF20902F93}.Debug|Any CPU.ActiveCfg = Debug|Any CPU
		{AAE76890-51BC-4FAE-BFFD-C6DF20902F93}.Debug|Any CPU.Build.0 = Debug|Any CPU
		{AAE76890-51BC-4FAE-BFFD-C6DF20902F93}.Release|Any CPU.ActiveCfg = Release|Any CPU
		{AAE76890-51BC-4FAE-BFFD-C6DF20902F93}.Release|Any CPU.Build.0 = Release|Any CPU
		{836771FB-D33F-4EBD-BCA8-0523610B97CA}.Debug|Any CPU.ActiveCfg = Debug|Any CPU
		{836771FB-D33F-4EBD-BCA8-0523610B97CA}.Debug|Any CPU.Build.0 = Debug|Any CPU
		{836771FB-D33F-4EBD-BCA8-0523610B97CA}.Release|Any CPU.ActiveCfg = Release|Any CPU
		{836771FB-D33F-4EBD-BCA8-0523610B97CA}.Release|Any CPU.Build.0 = Release|Any CPU
	EndGlobalSection
	GlobalSection(SolutionProperties) = preSolution
		HideSolutionNode = FALSE
	EndGlobalSection
EndGlobal
