
Microsoft Visual Studio Solution File, Format Version 11.00
# Visual Studio 2010
Project("{FAE04EC0-301F-11D3-BF4B-00C04F79EFBC}") = "COMPASS", "COMPASS.csproj", "{1FDBDA24-8AAB-4CE6-A8FE-841057B1C516}"
EndProject
Project("{FAE04EC0-301F-11D3-BF4B-00C04F79EFBC}") = "Database Maker", "..\Database Maker\Database Maker.csproj", "{732CCD3B-8F66-4B9A-8DA9-0F0BB736928F}"
EndProject
Project("{FAE04EC0-301F-11D3-BF4B-00C04F79EFBC}") = "DTA Generator", "..\DTA Generator\DTA Generator.csproj", "{B91DDD59-F211-4815-992C-4CFEC51D36EE}"
EndProject
Project("{FAE04EC0-301F-11D3-BF4B-00C04F79EFBC}") = "FDR Optimizer", "..\FDR Optimizer\FDR Optimizer.csproj", "{D8A7739D-4CAB-49FD-99C0-88FDEABDEF30}"
EndProject
Project("{FAE04EC0-301F-11D3-BF4B-00C04F79EFBC}") = "Low-Res FDR Optimizer", "..\Low-Res FDR Optimizer\Low-Res FDR Optimizer.csproj", "{542B99D3-D91D-4DFD-9395-2975BB3CF38F}"
EndProject
Project("{FAE04EC0-301F-11D3-BF4B-00C04F79EFBC}") = "Batch FDR Optimizer", "..\Batch FDR Optimizer\Batch FDR Optimizer.csproj", "{1C59E65F-570C-4020-B1B4-261E527BFE46}"
EndProject
Project("{FAE04EC0-301F-11D3-BF4B-00C04F79EFBC}") = "Batch Low-Res FDR Optimizer", "..\Batch Low-Res FDR Optimizer\Batch Low-Res FDR Optimizer.csproj", "{7AA28AD1-6864-4651-A7CC-58A8EEE4BAB6}"
EndProject
Project("{FAE04EC0-301F-11D3-BF4B-00C04F79EFBC}") = "TagQuant", "..\TagQuant\TagQuant.csproj", "{298B64E4-F767-4204-A9AC-EFDA8A7BC2E1}"
EndProject
Project("{FAE04EC0-301F-11D3-BF4B-00C04F79EFBC}") = "Protein Herder", "..\Protein Herder\Protein Herder.csproj", "{47F472F9-21FF-4C67-8852-E66902A29FAB}"
EndProject
Project("{FAE04EC0-301F-11D3-BF4B-00C04F79EFBC}") = "ProteinTagQuant", "..\ProteinTagQuant\ProteinTagQuant.csproj", "{000105FC-D4BE-47AD-A09F-6012218D79D8}"
EndProject
Project("{FAE04EC0-301F-11D3-BF4B-00C04F79EFBC}") = "CSML", "..\external\CSML\CSML\CSML.csproj", "{8CD08024-CDBD-4FDB-9B9F-EA35B513BE92}"
EndProject
Project("{FAE04EC0-301F-11D3-BF4B-00C04F79EFBC}") = "OmssaLib", "..\OmssaLib\OmssaLib.csproj", "{5904AC55-5FC3-4625-8119-14069C53DEF7}"
EndProject
Project("{FAE04EC0-301F-11D3-BF4B-00C04F79EFBC}") = "OMSSA Navigator", "..\OMSSA Navigator\OMSSA Navigator.csproj", "{3112B2D8-0048-46C8-BB6D-751CDC1BC7D4}"
EndProject
Project("{FAE04EC0-301F-11D3-BF4B-00C04F79EFBC}") = "CoonLib", "..\CoonLib\CoonLib\CoonLib.csproj", "{7591033E-FFE6-474D-A903-E3D29C58192A}"
EndProject
Project("{FAE04EC0-301F-11D3-BF4B-00C04F79EFBC}") = "CoonThermo", "..\CoonLib\CoonThermo\CoonThermo.csproj", "{B5B857BE-F4CC-4D0A-84B2-8CF970FECC08}"
EndProject
Global
	GlobalSection(SolutionConfigurationPlatforms) = preSolution
		Debug|Any CPU = Debug|Any CPU
		Debug|Mixed Platforms = Debug|Mixed Platforms
		Debug|x86 = Debug|x86
		Release|Any CPU = Release|Any CPU
		Release|Mixed Platforms = Release|Mixed Platforms
		Release|x86 = Release|x86
	EndGlobalSection
	GlobalSection(ProjectConfigurationPlatforms) = postSolution
		{1FDBDA24-8AAB-4CE6-A8FE-841057B1C516}.Debug|Any CPU.ActiveCfg = Debug|x86
		{1FDBDA24-8AAB-4CE6-A8FE-841057B1C516}.Debug|Mixed Platforms.ActiveCfg = Debug|x86
		{1FDBDA24-8AAB-4CE6-A8FE-841057B1C516}.Debug|Mixed Platforms.Build.0 = Debug|x86
		{1FDBDA24-8AAB-4CE6-A8FE-841057B1C516}.Debug|x86.ActiveCfg = Debug|x86
		{1FDBDA24-8AAB-4CE6-A8FE-841057B1C516}.Debug|x86.Build.0 = Debug|x86
		{1FDBDA24-8AAB-4CE6-A8FE-841057B1C516}.Release|Any CPU.ActiveCfg = Release|x86
		{1FDBDA24-8AAB-4CE6-A8FE-841057B1C516}.Release|Mixed Platforms.ActiveCfg = Release|x86
		{1FDBDA24-8AAB-4CE6-A8FE-841057B1C516}.Release|Mixed Platforms.Build.0 = Release|x86
		{1FDBDA24-8AAB-4CE6-A8FE-841057B1C516}.Release|x86.ActiveCfg = Release|x86
		{1FDBDA24-8AAB-4CE6-A8FE-841057B1C516}.Release|x86.Build.0 = Release|x86
		{732CCD3B-8F66-4B9A-8DA9-0F0BB736928F}.Debug|Any CPU.ActiveCfg = Debug|Any CPU
		{732CCD3B-8F66-4B9A-8DA9-0F0BB736928F}.Debug|Any CPU.Build.0 = Debug|Any CPU
		{732CCD3B-8F66-4B9A-8DA9-0F0BB736928F}.Debug|Mixed Platforms.ActiveCfg = Debug|Any CPU
		{732CCD3B-8F66-4B9A-8DA9-0F0BB736928F}.Debug|Mixed Platforms.Build.0 = Debug|Any CPU
		{732CCD3B-8F66-4B9A-8DA9-0F0BB736928F}.Debug|x86.ActiveCfg = Debug|Any CPU
		{732CCD3B-8F66-4B9A-8DA9-0F0BB736928F}.Release|Any CPU.ActiveCfg = Release|Any CPU
		{732CCD3B-8F66-4B9A-8DA9-0F0BB736928F}.Release|Any CPU.Build.0 = Release|Any CPU
		{732CCD3B-8F66-4B9A-8DA9-0F0BB736928F}.Release|Mixed Platforms.ActiveCfg = Release|Any CPU
		{732CCD3B-8F66-4B9A-8DA9-0F0BB736928F}.Release|Mixed Platforms.Build.0 = Release|Any CPU
		{732CCD3B-8F66-4B9A-8DA9-0F0BB736928F}.Release|x86.ActiveCfg = Release|Any CPU
		{B91DDD59-F211-4815-992C-4CFEC51D36EE}.Debug|Any CPU.ActiveCfg = Debug|Any CPU
		{B91DDD59-F211-4815-992C-4CFEC51D36EE}.Debug|Any CPU.Build.0 = Debug|Any CPU
		{B91DDD59-F211-4815-992C-4CFEC51D36EE}.Debug|Mixed Platforms.ActiveCfg = Debug|Any CPU
		{B91DDD59-F211-4815-992C-4CFEC51D36EE}.Debug|Mixed Platforms.Build.0 = Debug|Any CPU
		{B91DDD59-F211-4815-992C-4CFEC51D36EE}.Debug|x86.ActiveCfg = Debug|Any CPU
		{B91DDD59-F211-4815-992C-4CFEC51D36EE}.Release|Any CPU.ActiveCfg = Release|Any CPU
		{B91DDD59-F211-4815-992C-4CFEC51D36EE}.Release|Any CPU.Build.0 = Release|Any CPU
		{B91DDD59-F211-4815-992C-4CFEC51D36EE}.Release|Mixed Platforms.ActiveCfg = Release|Any CPU
		{B91DDD59-F211-4815-992C-4CFEC51D36EE}.Release|Mixed Platforms.Build.0 = Release|Any CPU
		{B91DDD59-F211-4815-992C-4CFEC51D36EE}.Release|x86.ActiveCfg = Release|Any CPU
		{D8A7739D-4CAB-49FD-99C0-88FDEABDEF30}.Debug|Any CPU.ActiveCfg = Debug|Any CPU
		{D8A7739D-4CAB-49FD-99C0-88FDEABDEF30}.Debug|Any CPU.Build.0 = Debug|Any CPU
		{D8A7739D-4CAB-49FD-99C0-88FDEABDEF30}.Debug|Mixed Platforms.ActiveCfg = Debug|Any CPU
		{D8A7739D-4CAB-49FD-99C0-88FDEABDEF30}.Debug|Mixed Platforms.Build.0 = Debug|Any CPU
		{D8A7739D-4CAB-49FD-99C0-88FDEABDEF30}.Debug|x86.ActiveCfg = Debug|Any CPU
		{D8A7739D-4CAB-49FD-99C0-88FDEABDEF30}.Release|Any CPU.ActiveCfg = Release|Any CPU
		{D8A7739D-4CAB-49FD-99C0-88FDEABDEF30}.Release|Any CPU.Build.0 = Release|Any CPU
		{D8A7739D-4CAB-49FD-99C0-88FDEABDEF30}.Release|Mixed Platforms.ActiveCfg = Release|Any CPU
		{D8A7739D-4CAB-49FD-99C0-88FDEABDEF30}.Release|Mixed Platforms.Build.0 = Release|Any CPU
		{D8A7739D-4CAB-49FD-99C0-88FDEABDEF30}.Release|x86.ActiveCfg = Release|Any CPU
		{542B99D3-D91D-4DFD-9395-2975BB3CF38F}.Debug|Any CPU.ActiveCfg = Debug|Any CPU
		{542B99D3-D91D-4DFD-9395-2975BB3CF38F}.Debug|Any CPU.Build.0 = Debug|Any CPU
		{542B99D3-D91D-4DFD-9395-2975BB3CF38F}.Debug|Mixed Platforms.ActiveCfg = Debug|Any CPU
		{542B99D3-D91D-4DFD-9395-2975BB3CF38F}.Debug|Mixed Platforms.Build.0 = Debug|Any CPU
		{542B99D3-D91D-4DFD-9395-2975BB3CF38F}.Debug|x86.ActiveCfg = Debug|Any CPU
		{542B99D3-D91D-4DFD-9395-2975BB3CF38F}.Release|Any CPU.ActiveCfg = Release|Any CPU
		{542B99D3-D91D-4DFD-9395-2975BB3CF38F}.Release|Any CPU.Build.0 = Release|Any CPU
		{542B99D3-D91D-4DFD-9395-2975BB3CF38F}.Release|Mixed Platforms.ActiveCfg = Release|Any CPU
		{542B99D3-D91D-4DFD-9395-2975BB3CF38F}.Release|Mixed Platforms.Build.0 = Release|Any CPU
		{542B99D3-D91D-4DFD-9395-2975BB3CF38F}.Release|x86.ActiveCfg = Release|Any CPU
		{1C59E65F-570C-4020-B1B4-261E527BFE46}.Debug|Any CPU.ActiveCfg = Debug|Any CPU
		{1C59E65F-570C-4020-B1B4-261E527BFE46}.Debug|Any CPU.Build.0 = Debug|Any CPU
		{1C59E65F-570C-4020-B1B4-261E527BFE46}.Debug|Mixed Platforms.ActiveCfg = Debug|Any CPU
		{1C59E65F-570C-4020-B1B4-261E527BFE46}.Debug|Mixed Platforms.Build.0 = Debug|Any CPU
		{1C59E65F-570C-4020-B1B4-261E527BFE46}.Debug|x86.ActiveCfg = Debug|Any CPU
		{1C59E65F-570C-4020-B1B4-261E527BFE46}.Release|Any CPU.ActiveCfg = Release|Any CPU
		{1C59E65F-570C-4020-B1B4-261E527BFE46}.Release|Any CPU.Build.0 = Release|Any CPU
		{1C59E65F-570C-4020-B1B4-261E527BFE46}.Release|Mixed Platforms.ActiveCfg = Release|Any CPU
		{1C59E65F-570C-4020-B1B4-261E527BFE46}.Release|Mixed Platforms.Build.0 = Release|Any CPU
		{1C59E65F-570C-4020-B1B4-261E527BFE46}.Release|x86.ActiveCfg = Release|Any CPU
		{7AA28AD1-6864-4651-A7CC-58A8EEE4BAB6}.Debug|Any CPU.ActiveCfg = Debug|Any CPU
		{7AA28AD1-6864-4651-A7CC-58A8EEE4BAB6}.Debug|Any CPU.Build.0 = Debug|Any CPU
		{7AA28AD1-6864-4651-A7CC-58A8EEE4BAB6}.Debug|Mixed Platforms.ActiveCfg = Debug|Any CPU
		{7AA28AD1-6864-4651-A7CC-58A8EEE4BAB6}.Debug|Mixed Platforms.Build.0 = Debug|Any CPU
		{7AA28AD1-6864-4651-A7CC-58A8EEE4BAB6}.Debug|x86.ActiveCfg = Debug|Any CPU
		{7AA28AD1-6864-4651-A7CC-58A8EEE4BAB6}.Release|Any CPU.ActiveCfg = Release|Any CPU
		{7AA28AD1-6864-4651-A7CC-58A8EEE4BAB6}.Release|Any CPU.Build.0 = Release|Any CPU
		{7AA28AD1-6864-4651-A7CC-58A8EEE4BAB6}.Release|Mixed Platforms.ActiveCfg = Release|Any CPU
		{7AA28AD1-6864-4651-A7CC-58A8EEE4BAB6}.Release|Mixed Platforms.Build.0 = Release|Any CPU
		{7AA28AD1-6864-4651-A7CC-58A8EEE4BAB6}.Release|x86.ActiveCfg = Release|Any CPU
		{298B64E4-F767-4204-A9AC-EFDA8A7BC2E1}.Debug|Any CPU.ActiveCfg = Debug|Any CPU
		{298B64E4-F767-4204-A9AC-EFDA8A7BC2E1}.Debug|Any CPU.Build.0 = Debug|Any CPU
		{298B64E4-F767-4204-A9AC-EFDA8A7BC2E1}.Debug|Mixed Platforms.ActiveCfg = Debug|Any CPU
		{298B64E4-F767-4204-A9AC-EFDA8A7BC2E1}.Debug|Mixed Platforms.Build.0 = Debug|Any CPU
		{298B64E4-F767-4204-A9AC-EFDA8A7BC2E1}.Debug|x86.ActiveCfg = Debug|Any CPU
		{298B64E4-F767-4204-A9AC-EFDA8A7BC2E1}.Release|Any CPU.ActiveCfg = Release|Any CPU
		{298B64E4-F767-4204-A9AC-EFDA8A7BC2E1}.Release|Any CPU.Build.0 = Release|Any CPU
		{298B64E4-F767-4204-A9AC-EFDA8A7BC2E1}.Release|Mixed Platforms.ActiveCfg = Release|Any CPU
		{298B64E4-F767-4204-A9AC-EFDA8A7BC2E1}.Release|Mixed Platforms.Build.0 = Release|Any CPU
		{298B64E4-F767-4204-A9AC-EFDA8A7BC2E1}.Release|x86.ActiveCfg = Release|Any CPU
		{47F472F9-21FF-4C67-8852-E66902A29FAB}.Debug|Any CPU.ActiveCfg = Debug|Any CPU
		{47F472F9-21FF-4C67-8852-E66902A29FAB}.Debug|Any CPU.Build.0 = Debug|Any CPU
		{47F472F9-21FF-4C67-8852-E66902A29FAB}.Debug|Mixed Platforms.ActiveCfg = Debug|Any CPU
		{47F472F9-21FF-4C67-8852-E66902A29FAB}.Debug|Mixed Platforms.Build.0 = Debug|Any CPU
		{47F472F9-21FF-4C67-8852-E66902A29FAB}.Debug|x86.ActiveCfg = Debug|Any CPU
		{47F472F9-21FF-4C67-8852-E66902A29FAB}.Release|Any CPU.ActiveCfg = Release|Any CPU
		{47F472F9-21FF-4C67-8852-E66902A29FAB}.Release|Any CPU.Build.0 = Release|Any CPU
		{47F472F9-21FF-4C67-8852-E66902A29FAB}.Release|Mixed Platforms.ActiveCfg = Release|Any CPU
		{47F472F9-21FF-4C67-8852-E66902A29FAB}.Release|Mixed Platforms.Build.0 = Release|Any CPU
		{47F472F9-21FF-4C67-8852-E66902A29FAB}.Release|x86.ActiveCfg = Release|Any CPU
		{000105FC-D4BE-47AD-A09F-6012218D79D8}.Debug|Any CPU.ActiveCfg = Debug|Any CPU
		{000105FC-D4BE-47AD-A09F-6012218D79D8}.Debug|Any CPU.Build.0 = Debug|Any CPU
		{000105FC-D4BE-47AD-A09F-6012218D79D8}.Debug|Mixed Platforms.ActiveCfg = Debug|Any CPU
		{000105FC-D4BE-47AD-A09F-6012218D79D8}.Debug|Mixed Platforms.Build.0 = Debug|Any CPU
		{000105FC-D4BE-47AD-A09F-6012218D79D8}.Debug|x86.ActiveCfg = Debug|Any CPU
		{000105FC-D4BE-47AD-A09F-6012218D79D8}.Release|Any CPU.ActiveCfg = Release|Any CPU
		{000105FC-D4BE-47AD-A09F-6012218D79D8}.Release|Any CPU.Build.0 = Release|Any CPU
		{000105FC-D4BE-47AD-A09F-6012218D79D8}.Release|Mixed Platforms.ActiveCfg = Release|Any CPU
		{000105FC-D4BE-47AD-A09F-6012218D79D8}.Release|Mixed Platforms.Build.0 = Release|Any CPU
		{000105FC-D4BE-47AD-A09F-6012218D79D8}.Release|x86.ActiveCfg = Release|Any CPU
		{8CD08024-CDBD-4FDB-9B9F-EA35B513BE92}.Debug|Any CPU.ActiveCfg = Debug|Any CPU
		{8CD08024-CDBD-4FDB-9B9F-EA35B513BE92}.Debug|Any CPU.Build.0 = Debug|Any CPU
		{8CD08024-CDBD-4FDB-9B9F-EA35B513BE92}.Debug|Mixed Platforms.ActiveCfg = Debug|Any CPU
		{8CD08024-CDBD-4FDB-9B9F-EA35B513BE92}.Debug|Mixed Platforms.Build.0 = Debug|Any CPU
		{8CD08024-CDBD-4FDB-9B9F-EA35B513BE92}.Debug|x86.ActiveCfg = Debug|Any CPU
		{8CD08024-CDBD-4FDB-9B9F-EA35B513BE92}.Release|Any CPU.ActiveCfg = Release|Any CPU
		{8CD08024-CDBD-4FDB-9B9F-EA35B513BE92}.Release|Any CPU.Build.0 = Release|Any CPU
		{8CD08024-CDBD-4FDB-9B9F-EA35B513BE92}.Release|Mixed Platforms.ActiveCfg = Release|Any CPU
		{8CD08024-CDBD-4FDB-9B9F-EA35B513BE92}.Release|Mixed Platforms.Build.0 = Release|Any CPU
		{8CD08024-CDBD-4FDB-9B9F-EA35B513BE92}.Release|x86.ActiveCfg = Release|Any CPU
		{5904AC55-5FC3-4625-8119-14069C53DEF7}.Debug|Any CPU.ActiveCfg = Debug|Any CPU
		{5904AC55-5FC3-4625-8119-14069C53DEF7}.Debug|Any CPU.Build.0 = Debug|Any CPU
		{5904AC55-5FC3-4625-8119-14069C53DEF7}.Debug|Mixed Platforms.ActiveCfg = Debug|Any CPU
		{5904AC55-5FC3-4625-8119-14069C53DEF7}.Debug|Mixed Platforms.Build.0 = Debug|Any CPU
		{5904AC55-5FC3-4625-8119-14069C53DEF7}.Debug|x86.ActiveCfg = Debug|Any CPU
		{5904AC55-5FC3-4625-8119-14069C53DEF7}.Release|Any CPU.ActiveCfg = Release|Any CPU
		{5904AC55-5FC3-4625-8119-14069C53DEF7}.Release|Any CPU.Build.0 = Release|Any CPU
		{5904AC55-5FC3-4625-8119-14069C53DEF7}.Release|Mixed Platforms.ActiveCfg = Release|Any CPU
		{5904AC55-5FC3-4625-8119-14069C53DEF7}.Release|Mixed Platforms.Build.0 = Release|Any CPU
		{5904AC55-5FC3-4625-8119-14069C53DEF7}.Release|x86.ActiveCfg = Release|Any CPU
		{3112B2D8-0048-46C8-BB6D-751CDC1BC7D4}.Debug|Any CPU.ActiveCfg = Debug|x86
		{3112B2D8-0048-46C8-BB6D-751CDC1BC7D4}.Debug|Mixed Platforms.ActiveCfg = Debug|x86
		{3112B2D8-0048-46C8-BB6D-751CDC1BC7D4}.Debug|Mixed Platforms.Build.0 = Debug|x86
		{3112B2D8-0048-46C8-BB6D-751CDC1BC7D4}.Debug|x86.ActiveCfg = Debug|x86
		{3112B2D8-0048-46C8-BB6D-751CDC1BC7D4}.Debug|x86.Build.0 = Debug|x86
		{3112B2D8-0048-46C8-BB6D-751CDC1BC7D4}.Release|Any CPU.ActiveCfg = Release|x86
		{3112B2D8-0048-46C8-BB6D-751CDC1BC7D4}.Release|Mixed Platforms.ActiveCfg = Release|x86
		{3112B2D8-0048-46C8-BB6D-751CDC1BC7D4}.Release|Mixed Platforms.Build.0 = Release|x86
		{3112B2D8-0048-46C8-BB6D-751CDC1BC7D4}.Release|x86.ActiveCfg = Release|x86
		{3112B2D8-0048-46C8-BB6D-751CDC1BC7D4}.Release|x86.Build.0 = Release|x86
		{7591033E-FFE6-474D-A903-E3D29C58192A}.Debug|Any CPU.ActiveCfg = Debug|Any CPU
		{7591033E-FFE6-474D-A903-E3D29C58192A}.Debug|Any CPU.Build.0 = Debug|Any CPU
		{7591033E-FFE6-474D-A903-E3D29C58192A}.Debug|Mixed Platforms.ActiveCfg = Debug|x86
		{7591033E-FFE6-474D-A903-E3D29C58192A}.Debug|Mixed Platforms.Build.0 = Debug|x86
		{7591033E-FFE6-474D-A903-E3D29C58192A}.Debug|x86.ActiveCfg = Debug|x86
		{7591033E-FFE6-474D-A903-E3D29C58192A}.Debug|x86.Build.0 = Debug|x86
		{7591033E-FFE6-474D-A903-E3D29C58192A}.Release|Any CPU.ActiveCfg = Release|Any CPU
		{7591033E-FFE6-474D-A903-E3D29C58192A}.Release|Any CPU.Build.0 = Release|Any CPU
		{7591033E-FFE6-474D-A903-E3D29C58192A}.Release|Mixed Platforms.ActiveCfg = Release|x86
		{7591033E-FFE6-474D-A903-E3D29C58192A}.Release|Mixed Platforms.Build.0 = Release|x86
		{7591033E-FFE6-474D-A903-E3D29C58192A}.Release|x86.ActiveCfg = Release|x86
		{7591033E-FFE6-474D-A903-E3D29C58192A}.Release|x86.Build.0 = Release|x86
		{B5B857BE-F4CC-4D0A-84B2-8CF970FECC08}.Debug|Any CPU.ActiveCfg = Debug|Any CPU
		{B5B857BE-F4CC-4D0A-84B2-8CF970FECC08}.Debug|Any CPU.Build.0 = Debug|Any CPU
		{B5B857BE-F4CC-4D0A-84B2-8CF970FECC08}.Debug|Mixed Platforms.ActiveCfg = Debug|x86
		{B5B857BE-F4CC-4D0A-84B2-8CF970FECC08}.Debug|Mixed Platforms.Build.0 = Debug|x86
		{B5B857BE-F4CC-4D0A-84B2-8CF970FECC08}.Debug|x86.ActiveCfg = Debug|x86
		{B5B857BE-F4CC-4D0A-84B2-8CF970FECC08}.Debug|x86.Build.0 = Debug|x86
		{B5B857BE-F4CC-4D0A-84B2-8CF970FECC08}.Release|Any CPU.ActiveCfg = Release|Any CPU
		{B5B857BE-F4CC-4D0A-84B2-8CF970FECC08}.Release|Any CPU.Build.0 = Release|Any CPU
		{B5B857BE-F4CC-4D0A-84B2-8CF970FECC08}.Release|Mixed Platforms.ActiveCfg = Release|x86
		{B5B857BE-F4CC-4D0A-84B2-8CF970FECC08}.Release|Mixed Platforms.Build.0 = Release|x86
		{B5B857BE-F4CC-4D0A-84B2-8CF970FECC08}.Release|x86.ActiveCfg = Release|x86
		{B5B857BE-F4CC-4D0A-84B2-8CF970FECC08}.Release|x86.Build.0 = Release|x86
	EndGlobalSection
	GlobalSection(SolutionProperties) = preSolution
		HideSolutionNode = FALSE
	EndGlobalSection
EndGlobal
