
Microsoft Visual Studio Solution File, Format Version 12.00
# Visual Studio 2013
VisualStudioVersion = 12.0.30110.0
MinimumVisualStudioVersion = 10.0.40219.1
Project("{FAE04EC0-301F-11D3-BF4B-00C04F79EFBC}") = "COMPASS (internal)", "COMPASS (internal).csproj", "{1FDBDA24-8AAB-4CE6-A8FE-841057B1C516}"
EndProject
Project("{FAE04EC0-301F-11D3-BF4B-00C04F79EFBC}") = "FDR Optimizer", "..\FDR Optimizer\FDR Optimizer.csproj", "{D8A7739D-4CAB-49FD-99C0-88FDEABDEF30}"
EndProject
Project("{FAE04EC0-301F-11D3-BF4B-00C04F79EFBC}") = "Low-Res FDR Optimizer", "..\Low-Res FDR Optimizer\Low-Res FDR Optimizer.csproj", "{542B99D3-D91D-4DFD-9395-2975BB3CF38F}"
EndProject
Project("{FAE04EC0-301F-11D3-BF4B-00C04F79EFBC}") = "Batch FDR Optimizer", "..\Batch FDR Optimizer\Batch FDR Optimizer.csproj", "{1C59E65F-570C-4020-B1B4-261E527BFE46}"
EndProject
Project("{FAE04EC0-301F-11D3-BF4B-00C04F79EFBC}") = "Batch Low-Res FDR Optimizer", "..\Batch Low-Res FDR Optimizer\Batch Low-Res FDR Optimizer.csproj", "{7AA28AD1-6864-4651-A7CC-58A8EEE4BAB6}"
EndProject
Project("{FAE04EC0-301F-11D3-BF4B-00C04F79EFBC}") = "Protein Hoarder", "..\Protein Hoarder\Protein Hoarder.csproj", "{F9872E16-407F-4640-867B-F0B7072A3535}"
EndProject
Project("{FAE04EC0-301F-11D3-BF4B-00C04F79EFBC}") = "CSMSL", "..\..\CSMSL\CSMSL\CSMSL.csproj", "{3C8C9F05-9C19-4251-95FA-05D7EDC8CAE6}"
EndProject
Project("{2150E333-8FDC-42A3-9474-1A3956D46DE8}") = ".nuget", ".nuget", "{98AC8A6C-E062-4B2A-8246-ABEACE7636F2}"
	ProjectSection(SolutionItems) = preProject
		.nuget\NuGet.Config = .nuget\NuGet.Config
		.nuget\NuGet.exe = .nuget\NuGet.exe
		.nuget\NuGet.targets = .nuget\NuGet.targets
	EndProjectSection
EndProject
Project("{FAE04EC0-301F-11D3-BF4B-00C04F79EFBC}") = "Lotor", "..\Lotor\Lotor\Lotor.csproj", "{3653D2EB-F33F-484B-A58E-73030A03F4BA}"
EndProject
Project("{FAE04EC0-301F-11D3-BF4B-00C04F79EFBC}") = "Thermo", "..\..\CSMSL\CSMSL\IO\Thermo\Thermo.csproj", "{24DC85FF-E97B-4140-9614-77DD8FDDD32F}"
EndProject
Project("{FAE04EC0-301F-11D3-BF4B-00C04F79EFBC}") = "TagQuant", "..\TagQuant\TagQuant.csproj", "{298B64E4-F767-4204-A9AC-EFDA8A7BC2E1}"
EndProject
Project("{FAE04EC0-301F-11D3-BF4B-00C04F79EFBC}") = "DatabaseMaker.gui", "..\Database Maker\DatabaseMaker.gui\DatabaseMaker.gui.csproj", "{732CCD3B-8F66-4B9A-8DA9-0F0BB736928F}"
EndProject
Project("{FAE04EC0-301F-11D3-BF4B-00C04F79EFBC}") = "OMSSA", "..\..\CSMSL\CSMSL\IO\OMSSA\OMSSA.csproj", "{45A71E18-42E8-41A4-9479-2852C4186993}"
EndProject
Project("{FAE04EC0-301F-11D3-BF4B-00C04F79EFBC}") = "DatabaseMaker.lib", "..\Database Maker\DatabaseMaker.lib\DatabaseMaker.lib.csproj", "{016CC3A6-EA74-4856-8BC5-B9CE9DAFEFF7}"
EndProject
Project("{FAE04EC0-301F-11D3-BF4B-00C04F79EFBC}") = "DTA Generator", "..\Dta Generator\DTA Generator.csproj", "{B91DDD59-F211-4815-992C-4CFEC51D36EE}"
EndProject
Project("{FAE04EC0-301F-11D3-BF4B-00C04F79EFBC}") = "Phosphinator", "..\Phosphinator\Phosphinator.csproj", "{18C3AE3C-E032-4FE9-AD14-E602BA663BE4}"
EndProject
Project("{FAE04EC0-301F-11D3-BF4B-00C04F79EFBC}") = "Procyon", "..\Procyon\Procyon\Procyon.csproj", "{BD302EEC-97DE-4C25-B229-2B5BD0D7822C}"
EndProject
Project("{FAE04EC0-301F-11D3-BF4B-00C04F79EFBC}") = "Coondornator.lib", "..\Coondornator\Coondornator.lib\Coondornator.lib.csproj", "{D4581AC5-AD22-4596-BD66-643F4855A3FF}"
EndProject
Project("{FAE04EC0-301F-11D3-BF4B-00C04F79EFBC}") = "Coondornator.gui", "..\Coondornator\Coondornator.gui\Coondornator.gui.csproj", "{626E1E63-5B21-43AF-A5BB-F93AA43DF5A9}"
EndProject
Global
	GlobalSection(SolutionConfigurationPlatforms) = preSolution
		Debug|Any CPU = Debug|Any CPU
		Debug|Mixed Platforms = Debug|Mixed Platforms
		Debug|x64 = Debug|x64
		Debug|x86 = Debug|x86
		Release|Any CPU = Release|Any CPU
		Release|Mixed Platforms = Release|Mixed Platforms
		Release|x64 = Release|x64
		Release|x86 = Release|x86
	EndGlobalSection
	GlobalSection(ProjectConfigurationPlatforms) = postSolution
		{1FDBDA24-8AAB-4CE6-A8FE-841057B1C516}.Debug|Any CPU.ActiveCfg = Debug|Any CPU
		{1FDBDA24-8AAB-4CE6-A8FE-841057B1C516}.Debug|Any CPU.Build.0 = Debug|Any CPU
		{1FDBDA24-8AAB-4CE6-A8FE-841057B1C516}.Debug|Mixed Platforms.ActiveCfg = Debug|x86
		{1FDBDA24-8AAB-4CE6-A8FE-841057B1C516}.Debug|Mixed Platforms.Build.0 = Debug|x86
		{1FDBDA24-8AAB-4CE6-A8FE-841057B1C516}.Debug|x64.ActiveCfg = Debug|x86
		{1FDBDA24-8AAB-4CE6-A8FE-841057B1C516}.Debug|x86.ActiveCfg = Debug|x86
		{1FDBDA24-8AAB-4CE6-A8FE-841057B1C516}.Debug|x86.Build.0 = Debug|x86
		{1FDBDA24-8AAB-4CE6-A8FE-841057B1C516}.Release|Any CPU.ActiveCfg = Release|Any CPU
		{1FDBDA24-8AAB-4CE6-A8FE-841057B1C516}.Release|Any CPU.Build.0 = Release|Any CPU
		{1FDBDA24-8AAB-4CE6-A8FE-841057B1C516}.Release|Mixed Platforms.ActiveCfg = Release|x86
		{1FDBDA24-8AAB-4CE6-A8FE-841057B1C516}.Release|Mixed Platforms.Build.0 = Release|x86
		{1FDBDA24-8AAB-4CE6-A8FE-841057B1C516}.Release|x64.ActiveCfg = Release|x86
		{1FDBDA24-8AAB-4CE6-A8FE-841057B1C516}.Release|x86.ActiveCfg = Release|x86
		{1FDBDA24-8AAB-4CE6-A8FE-841057B1C516}.Release|x86.Build.0 = Release|x86
		{D8A7739D-4CAB-49FD-99C0-88FDEABDEF30}.Debug|Any CPU.ActiveCfg = Debug|Any CPU
		{D8A7739D-4CAB-49FD-99C0-88FDEABDEF30}.Debug|Any CPU.Build.0 = Debug|Any CPU
		{D8A7739D-4CAB-49FD-99C0-88FDEABDEF30}.Debug|Mixed Platforms.ActiveCfg = Debug|Any CPU
		{D8A7739D-4CAB-49FD-99C0-88FDEABDEF30}.Debug|Mixed Platforms.Build.0 = Debug|Any CPU
		{D8A7739D-4CAB-49FD-99C0-88FDEABDEF30}.Debug|x64.ActiveCfg = Debug|x86
		{D8A7739D-4CAB-49FD-99C0-88FDEABDEF30}.Debug|x86.ActiveCfg = Debug|x86
		{D8A7739D-4CAB-49FD-99C0-88FDEABDEF30}.Debug|x86.Build.0 = Debug|x86
		{D8A7739D-4CAB-49FD-99C0-88FDEABDEF30}.Release|Any CPU.ActiveCfg = Release|Any CPU
		{D8A7739D-4CAB-49FD-99C0-88FDEABDEF30}.Release|Any CPU.Build.0 = Release|Any CPU
		{D8A7739D-4CAB-49FD-99C0-88FDEABDEF30}.Release|Mixed Platforms.ActiveCfg = Release|Any CPU
		{D8A7739D-4CAB-49FD-99C0-88FDEABDEF30}.Release|Mixed Platforms.Build.0 = Release|Any CPU
		{D8A7739D-4CAB-49FD-99C0-88FDEABDEF30}.Release|x64.ActiveCfg = Release|x86
		{D8A7739D-4CAB-49FD-99C0-88FDEABDEF30}.Release|x86.ActiveCfg = Release|x86
		{D8A7739D-4CAB-49FD-99C0-88FDEABDEF30}.Release|x86.Build.0 = Release|x86
		{542B99D3-D91D-4DFD-9395-2975BB3CF38F}.Debug|Any CPU.ActiveCfg = Debug|Any CPU
		{542B99D3-D91D-4DFD-9395-2975BB3CF38F}.Debug|Any CPU.Build.0 = Debug|Any CPU
		{542B99D3-D91D-4DFD-9395-2975BB3CF38F}.Debug|Mixed Platforms.ActiveCfg = Debug|Any CPU
		{542B99D3-D91D-4DFD-9395-2975BB3CF38F}.Debug|Mixed Platforms.Build.0 = Debug|Any CPU
		{542B99D3-D91D-4DFD-9395-2975BB3CF38F}.Debug|x64.ActiveCfg = Debug|x86
		{542B99D3-D91D-4DFD-9395-2975BB3CF38F}.Debug|x86.ActiveCfg = Debug|x86
		{542B99D3-D91D-4DFD-9395-2975BB3CF38F}.Debug|x86.Build.0 = Debug|x86
		{542B99D3-D91D-4DFD-9395-2975BB3CF38F}.Release|Any CPU.ActiveCfg = Release|Any CPU
		{542B99D3-D91D-4DFD-9395-2975BB3CF38F}.Release|Any CPU.Build.0 = Release|Any CPU
		{542B99D3-D91D-4DFD-9395-2975BB3CF38F}.Release|Mixed Platforms.ActiveCfg = Release|Any CPU
		{542B99D3-D91D-4DFD-9395-2975BB3CF38F}.Release|Mixed Platforms.Build.0 = Release|Any CPU
		{542B99D3-D91D-4DFD-9395-2975BB3CF38F}.Release|x64.ActiveCfg = Release|x86
		{542B99D3-D91D-4DFD-9395-2975BB3CF38F}.Release|x86.ActiveCfg = Release|x86
		{542B99D3-D91D-4DFD-9395-2975BB3CF38F}.Release|x86.Build.0 = Release|x86
		{1C59E65F-570C-4020-B1B4-261E527BFE46}.Debug|Any CPU.ActiveCfg = Debug|Any CPU
		{1C59E65F-570C-4020-B1B4-261E527BFE46}.Debug|Any CPU.Build.0 = Debug|Any CPU
		{1C59E65F-570C-4020-B1B4-261E527BFE46}.Debug|Mixed Platforms.ActiveCfg = Debug|Any CPU
		{1C59E65F-570C-4020-B1B4-261E527BFE46}.Debug|Mixed Platforms.Build.0 = Debug|Any CPU
		{1C59E65F-570C-4020-B1B4-261E527BFE46}.Debug|x64.ActiveCfg = Debug|x64
		{1C59E65F-570C-4020-B1B4-261E527BFE46}.Debug|x64.Build.0 = Debug|x64
		{1C59E65F-570C-4020-B1B4-261E527BFE46}.Debug|x86.ActiveCfg = Debug|x86
		{1C59E65F-570C-4020-B1B4-261E527BFE46}.Debug|x86.Build.0 = Debug|x86
		{1C59E65F-570C-4020-B1B4-261E527BFE46}.Release|Any CPU.ActiveCfg = Release|Any CPU
		{1C59E65F-570C-4020-B1B4-261E527BFE46}.Release|Any CPU.Build.0 = Release|Any CPU
		{1C59E65F-570C-4020-B1B4-261E527BFE46}.Release|Mixed Platforms.ActiveCfg = Release|Any CPU
		{1C59E65F-570C-4020-B1B4-261E527BFE46}.Release|Mixed Platforms.Build.0 = Release|Any CPU
		{1C59E65F-570C-4020-B1B4-261E527BFE46}.Release|x64.ActiveCfg = Release|x64
		{1C59E65F-570C-4020-B1B4-261E527BFE46}.Release|x64.Build.0 = Release|x64
		{1C59E65F-570C-4020-B1B4-261E527BFE46}.Release|x86.ActiveCfg = Release|x86
		{1C59E65F-570C-4020-B1B4-261E527BFE46}.Release|x86.Build.0 = Release|x86
		{7AA28AD1-6864-4651-A7CC-58A8EEE4BAB6}.Debug|Any CPU.ActiveCfg = Debug|Any CPU
		{7AA28AD1-6864-4651-A7CC-58A8EEE4BAB6}.Debug|Any CPU.Build.0 = Debug|Any CPU
		{7AA28AD1-6864-4651-A7CC-58A8EEE4BAB6}.Debug|Mixed Platforms.ActiveCfg = Debug|Any CPU
		{7AA28AD1-6864-4651-A7CC-58A8EEE4BAB6}.Debug|Mixed Platforms.Build.0 = Debug|Any CPU
		{7AA28AD1-6864-4651-A7CC-58A8EEE4BAB6}.Debug|x64.ActiveCfg = Debug|x86
		{7AA28AD1-6864-4651-A7CC-58A8EEE4BAB6}.Debug|x86.ActiveCfg = Debug|x86
		{7AA28AD1-6864-4651-A7CC-58A8EEE4BAB6}.Debug|x86.Build.0 = Debug|x86
		{7AA28AD1-6864-4651-A7CC-58A8EEE4BAB6}.Release|Any CPU.ActiveCfg = Release|Any CPU
		{7AA28AD1-6864-4651-A7CC-58A8EEE4BAB6}.Release|Any CPU.Build.0 = Release|Any CPU
		{7AA28AD1-6864-4651-A7CC-58A8EEE4BAB6}.Release|Mixed Platforms.ActiveCfg = Release|Any CPU
		{7AA28AD1-6864-4651-A7CC-58A8EEE4BAB6}.Release|Mixed Platforms.Build.0 = Release|Any CPU
		{7AA28AD1-6864-4651-A7CC-58A8EEE4BAB6}.Release|x64.ActiveCfg = Release|x86
		{7AA28AD1-6864-4651-A7CC-58A8EEE4BAB6}.Release|x86.ActiveCfg = Release|x86
		{7AA28AD1-6864-4651-A7CC-58A8EEE4BAB6}.Release|x86.Build.0 = Release|x86
		{F9872E16-407F-4640-867B-F0B7072A3535}.Debug|Any CPU.ActiveCfg = Debug|Any CPU
		{F9872E16-407F-4640-867B-F0B7072A3535}.Debug|Any CPU.Build.0 = Debug|Any CPU
		{F9872E16-407F-4640-867B-F0B7072A3535}.Debug|Mixed Platforms.ActiveCfg = Debug|x86
		{F9872E16-407F-4640-867B-F0B7072A3535}.Debug|Mixed Platforms.Build.0 = Debug|x86
		{F9872E16-407F-4640-867B-F0B7072A3535}.Debug|x64.ActiveCfg = Debug|x64
		{F9872E16-407F-4640-867B-F0B7072A3535}.Debug|x64.Build.0 = Debug|x64
		{F9872E16-407F-4640-867B-F0B7072A3535}.Debug|x86.ActiveCfg = Debug|x86
		{F9872E16-407F-4640-867B-F0B7072A3535}.Debug|x86.Build.0 = Debug|x86
		{F9872E16-407F-4640-867B-F0B7072A3535}.Release|Any CPU.ActiveCfg = Release|Any CPU
		{F9872E16-407F-4640-867B-F0B7072A3535}.Release|Any CPU.Build.0 = Release|Any CPU
		{F9872E16-407F-4640-867B-F0B7072A3535}.Release|Mixed Platforms.ActiveCfg = Release|x86
		{F9872E16-407F-4640-867B-F0B7072A3535}.Release|Mixed Platforms.Build.0 = Release|x86
		{F9872E16-407F-4640-867B-F0B7072A3535}.Release|x64.ActiveCfg = Release|x64
		{F9872E16-407F-4640-867B-F0B7072A3535}.Release|x64.Build.0 = Release|x64
		{F9872E16-407F-4640-867B-F0B7072A3535}.Release|x86.ActiveCfg = Release|x86
		{F9872E16-407F-4640-867B-F0B7072A3535}.Release|x86.Build.0 = Release|x86
		{3C8C9F05-9C19-4251-95FA-05D7EDC8CAE6}.Debug|Any CPU.ActiveCfg = Debug|Any CPU
		{3C8C9F05-9C19-4251-95FA-05D7EDC8CAE6}.Debug|Any CPU.Build.0 = Debug|Any CPU
		{3C8C9F05-9C19-4251-95FA-05D7EDC8CAE6}.Debug|Mixed Platforms.ActiveCfg = Debug|x86
		{3C8C9F05-9C19-4251-95FA-05D7EDC8CAE6}.Debug|Mixed Platforms.Build.0 = Debug|x86
		{3C8C9F05-9C19-4251-95FA-05D7EDC8CAE6}.Debug|x64.ActiveCfg = Debug|x64
		{3C8C9F05-9C19-4251-95FA-05D7EDC8CAE6}.Debug|x64.Build.0 = Debug|x64
		{3C8C9F05-9C19-4251-95FA-05D7EDC8CAE6}.Debug|x86.ActiveCfg = Debug|x86
		{3C8C9F05-9C19-4251-95FA-05D7EDC8CAE6}.Debug|x86.Build.0 = Debug|x86
		{3C8C9F05-9C19-4251-95FA-05D7EDC8CAE6}.Release|Any CPU.ActiveCfg = Release|Any CPU
		{3C8C9F05-9C19-4251-95FA-05D7EDC8CAE6}.Release|Any CPU.Build.0 = Release|Any CPU
		{3C8C9F05-9C19-4251-95FA-05D7EDC8CAE6}.Release|Mixed Platforms.ActiveCfg = Release|x86
		{3C8C9F05-9C19-4251-95FA-05D7EDC8CAE6}.Release|Mixed Platforms.Build.0 = Release|x86
		{3C8C9F05-9C19-4251-95FA-05D7EDC8CAE6}.Release|x64.ActiveCfg = Release|x64
		{3C8C9F05-9C19-4251-95FA-05D7EDC8CAE6}.Release|x64.Build.0 = Release|x64
		{3C8C9F05-9C19-4251-95FA-05D7EDC8CAE6}.Release|x86.ActiveCfg = Release|x86
		{3C8C9F05-9C19-4251-95FA-05D7EDC8CAE6}.Release|x86.Build.0 = Release|x86
		{3653D2EB-F33F-484B-A58E-73030A03F4BA}.Debug|Any CPU.ActiveCfg = Debug|Any CPU
		{3653D2EB-F33F-484B-A58E-73030A03F4BA}.Debug|Any CPU.Build.0 = Debug|Any CPU
		{3653D2EB-F33F-484B-A58E-73030A03F4BA}.Debug|Mixed Platforms.ActiveCfg = Debug|x86
		{3653D2EB-F33F-484B-A58E-73030A03F4BA}.Debug|Mixed Platforms.Build.0 = Debug|x86
		{3653D2EB-F33F-484B-A58E-73030A03F4BA}.Debug|x64.ActiveCfg = Debug|x86
		{3653D2EB-F33F-484B-A58E-73030A03F4BA}.Debug|x86.ActiveCfg = Debug|x86
		{3653D2EB-F33F-484B-A58E-73030A03F4BA}.Debug|x86.Build.0 = Debug|x86
		{3653D2EB-F33F-484B-A58E-73030A03F4BA}.Release|Any CPU.ActiveCfg = Release|Any CPU
		{3653D2EB-F33F-484B-A58E-73030A03F4BA}.Release|Any CPU.Build.0 = Release|Any CPU
		{3653D2EB-F33F-484B-A58E-73030A03F4BA}.Release|Mixed Platforms.ActiveCfg = Release|x86
		{3653D2EB-F33F-484B-A58E-73030A03F4BA}.Release|Mixed Platforms.Build.0 = Release|x86
		{3653D2EB-F33F-484B-A58E-73030A03F4BA}.Release|x64.ActiveCfg = Release|x86
		{3653D2EB-F33F-484B-A58E-73030A03F4BA}.Release|x86.ActiveCfg = Release|x86
		{3653D2EB-F33F-484B-A58E-73030A03F4BA}.Release|x86.Build.0 = Release|x86
		{24DC85FF-E97B-4140-9614-77DD8FDDD32F}.Debug|Any CPU.ActiveCfg = Debug|Any CPU
		{24DC85FF-E97B-4140-9614-77DD8FDDD32F}.Debug|Any CPU.Build.0 = Debug|Any CPU
		{24DC85FF-E97B-4140-9614-77DD8FDDD32F}.Debug|Mixed Platforms.ActiveCfg = Debug|x86
		{24DC85FF-E97B-4140-9614-77DD8FDDD32F}.Debug|Mixed Platforms.Build.0 = Debug|x86
		{24DC85FF-E97B-4140-9614-77DD8FDDD32F}.Debug|x64.ActiveCfg = Debug|x64
		{24DC85FF-E97B-4140-9614-77DD8FDDD32F}.Debug|x64.Build.0 = Debug|x64
		{24DC85FF-E97B-4140-9614-77DD8FDDD32F}.Debug|x86.ActiveCfg = Debug|x86
		{24DC85FF-E97B-4140-9614-77DD8FDDD32F}.Debug|x86.Build.0 = Debug|x86
		{24DC85FF-E97B-4140-9614-77DD8FDDD32F}.Release|Any CPU.ActiveCfg = Release|Any CPU
		{24DC85FF-E97B-4140-9614-77DD8FDDD32F}.Release|Any CPU.Build.0 = Release|Any CPU
		{24DC85FF-E97B-4140-9614-77DD8FDDD32F}.Release|Mixed Platforms.ActiveCfg = Release|x86
		{24DC85FF-E97B-4140-9614-77DD8FDDD32F}.Release|Mixed Platforms.Build.0 = Release|x86
		{24DC85FF-E97B-4140-9614-77DD8FDDD32F}.Release|x64.ActiveCfg = Release|x64
		{24DC85FF-E97B-4140-9614-77DD8FDDD32F}.Release|x64.Build.0 = Release|x64
		{24DC85FF-E97B-4140-9614-77DD8FDDD32F}.Release|x86.ActiveCfg = Release|x86
		{24DC85FF-E97B-4140-9614-77DD8FDDD32F}.Release|x86.Build.0 = Release|x86
		{298B64E4-F767-4204-A9AC-EFDA8A7BC2E1}.Debug|Any CPU.ActiveCfg = Debug|Any CPU
		{298B64E4-F767-4204-A9AC-EFDA8A7BC2E1}.Debug|Any CPU.Build.0 = Debug|Any CPU
		{298B64E4-F767-4204-A9AC-EFDA8A7BC2E1}.Debug|Mixed Platforms.ActiveCfg = Debug|x86
		{298B64E4-F767-4204-A9AC-EFDA8A7BC2E1}.Debug|Mixed Platforms.Build.0 = Debug|x86
		{298B64E4-F767-4204-A9AC-EFDA8A7BC2E1}.Debug|x64.ActiveCfg = Debug|Any CPU
		{298B64E4-F767-4204-A9AC-EFDA8A7BC2E1}.Debug|x86.ActiveCfg = Debug|x86
		{298B64E4-F767-4204-A9AC-EFDA8A7BC2E1}.Debug|x86.Build.0 = Debug|x86
		{298B64E4-F767-4204-A9AC-EFDA8A7BC2E1}.Release|Any CPU.ActiveCfg = Release|Any CPU
		{298B64E4-F767-4204-A9AC-EFDA8A7BC2E1}.Release|Any CPU.Build.0 = Release|Any CPU
		{298B64E4-F767-4204-A9AC-EFDA8A7BC2E1}.Release|Mixed Platforms.ActiveCfg = Release|x86
		{298B64E4-F767-4204-A9AC-EFDA8A7BC2E1}.Release|Mixed Platforms.Build.0 = Release|x86
		{298B64E4-F767-4204-A9AC-EFDA8A7BC2E1}.Release|x64.ActiveCfg = Release|Any CPU
		{298B64E4-F767-4204-A9AC-EFDA8A7BC2E1}.Release|x86.ActiveCfg = Release|x86
		{298B64E4-F767-4204-A9AC-EFDA8A7BC2E1}.Release|x86.Build.0 = Release|x86
		{732CCD3B-8F66-4B9A-8DA9-0F0BB736928F}.Debug|Any CPU.ActiveCfg = Debug|Any CPU
		{732CCD3B-8F66-4B9A-8DA9-0F0BB736928F}.Debug|Any CPU.Build.0 = Debug|Any CPU
		{732CCD3B-8F66-4B9A-8DA9-0F0BB736928F}.Debug|Mixed Platforms.ActiveCfg = Debug|x86
		{732CCD3B-8F66-4B9A-8DA9-0F0BB736928F}.Debug|Mixed Platforms.Build.0 = Debug|x86
		{732CCD3B-8F66-4B9A-8DA9-0F0BB736928F}.Debug|x64.ActiveCfg = Debug|Any CPU
		{732CCD3B-8F66-4B9A-8DA9-0F0BB736928F}.Debug|x86.ActiveCfg = Debug|x86
		{732CCD3B-8F66-4B9A-8DA9-0F0BB736928F}.Debug|x86.Build.0 = Debug|x86
		{732CCD3B-8F66-4B9A-8DA9-0F0BB736928F}.Release|Any CPU.ActiveCfg = Release|Any CPU
		{732CCD3B-8F66-4B9A-8DA9-0F0BB736928F}.Release|Any CPU.Build.0 = Release|Any CPU
		{732CCD3B-8F66-4B9A-8DA9-0F0BB736928F}.Release|Mixed Platforms.ActiveCfg = Release|x86
		{732CCD3B-8F66-4B9A-8DA9-0F0BB736928F}.Release|Mixed Platforms.Build.0 = Release|x86
		{732CCD3B-8F66-4B9A-8DA9-0F0BB736928F}.Release|x64.ActiveCfg = Release|Any CPU
		{732CCD3B-8F66-4B9A-8DA9-0F0BB736928F}.Release|x86.ActiveCfg = Release|x86
		{732CCD3B-8F66-4B9A-8DA9-0F0BB736928F}.Release|x86.Build.0 = Release|x86
		{45A71E18-42E8-41A4-9479-2852C4186993}.Debug|Any CPU.ActiveCfg = Debug|Any CPU
		{45A71E18-42E8-41A4-9479-2852C4186993}.Debug|Any CPU.Build.0 = Debug|Any CPU
		{45A71E18-42E8-41A4-9479-2852C4186993}.Debug|Mixed Platforms.ActiveCfg = Debug|x86
		{45A71E18-42E8-41A4-9479-2852C4186993}.Debug|Mixed Platforms.Build.0 = Debug|x86
		{45A71E18-42E8-41A4-9479-2852C4186993}.Debug|x64.ActiveCfg = Debug|x64
		{45A71E18-42E8-41A4-9479-2852C4186993}.Debug|x64.Build.0 = Debug|x64
		{45A71E18-42E8-41A4-9479-2852C4186993}.Debug|x86.ActiveCfg = Debug|x86
		{45A71E18-42E8-41A4-9479-2852C4186993}.Debug|x86.Build.0 = Debug|x86
		{45A71E18-42E8-41A4-9479-2852C4186993}.Release|Any CPU.ActiveCfg = Release|Any CPU
		{45A71E18-42E8-41A4-9479-2852C4186993}.Release|Any CPU.Build.0 = Release|Any CPU
		{45A71E18-42E8-41A4-9479-2852C4186993}.Release|Mixed Platforms.ActiveCfg = Release|x86
		{45A71E18-42E8-41A4-9479-2852C4186993}.Release|Mixed Platforms.Build.0 = Release|x86
		{45A71E18-42E8-41A4-9479-2852C4186993}.Release|x64.ActiveCfg = Release|x64
		{45A71E18-42E8-41A4-9479-2852C4186993}.Release|x64.Build.0 = Release|x64
		{45A71E18-42E8-41A4-9479-2852C4186993}.Release|x86.ActiveCfg = Release|x86
		{45A71E18-42E8-41A4-9479-2852C4186993}.Release|x86.Build.0 = Release|x86
		{016CC3A6-EA74-4856-8BC5-B9CE9DAFEFF7}.Debug|Any CPU.ActiveCfg = Debug|Any CPU
		{016CC3A6-EA74-4856-8BC5-B9CE9DAFEFF7}.Debug|Any CPU.Build.0 = Debug|Any CPU
		{016CC3A6-EA74-4856-8BC5-B9CE9DAFEFF7}.Debug|Mixed Platforms.ActiveCfg = Debug|Any CPU
		{016CC3A6-EA74-4856-8BC5-B9CE9DAFEFF7}.Debug|Mixed Platforms.Build.0 = Debug|Any CPU
		{016CC3A6-EA74-4856-8BC5-B9CE9DAFEFF7}.Debug|x64.ActiveCfg = Debug|Any CPU
		{016CC3A6-EA74-4856-8BC5-B9CE9DAFEFF7}.Debug|x86.ActiveCfg = Debug|x86
		{016CC3A6-EA74-4856-8BC5-B9CE9DAFEFF7}.Debug|x86.Build.0 = Debug|x86
		{016CC3A6-EA74-4856-8BC5-B9CE9DAFEFF7}.Release|Any CPU.ActiveCfg = Release|Any CPU
		{016CC3A6-EA74-4856-8BC5-B9CE9DAFEFF7}.Release|Any CPU.Build.0 = Release|Any CPU
		{016CC3A6-EA74-4856-8BC5-B9CE9DAFEFF7}.Release|Mixed Platforms.ActiveCfg = Release|Any CPU
		{016CC3A6-EA74-4856-8BC5-B9CE9DAFEFF7}.Release|Mixed Platforms.Build.0 = Release|Any CPU
		{016CC3A6-EA74-4856-8BC5-B9CE9DAFEFF7}.Release|x64.ActiveCfg = Release|Any CPU
		{016CC3A6-EA74-4856-8BC5-B9CE9DAFEFF7}.Release|x86.ActiveCfg = Release|Any CPU
		{B91DDD59-F211-4815-992C-4CFEC51D36EE}.Debug|Any CPU.ActiveCfg = Debug|Any CPU
		{B91DDD59-F211-4815-992C-4CFEC51D36EE}.Debug|Any CPU.Build.0 = Debug|Any CPU
		{B91DDD59-F211-4815-992C-4CFEC51D36EE}.Debug|Mixed Platforms.ActiveCfg = Debug|x86
		{B91DDD59-F211-4815-992C-4CFEC51D36EE}.Debug|Mixed Platforms.Build.0 = Debug|x86
		{B91DDD59-F211-4815-992C-4CFEC51D36EE}.Debug|x64.ActiveCfg = Debug|Any CPU
		{B91DDD59-F211-4815-992C-4CFEC51D36EE}.Debug|x86.ActiveCfg = Debug|x86
		{B91DDD59-F211-4815-992C-4CFEC51D36EE}.Debug|x86.Build.0 = Debug|x86
		{B91DDD59-F211-4815-992C-4CFEC51D36EE}.Release|Any CPU.ActiveCfg = Release|Any CPU
		{B91DDD59-F211-4815-992C-4CFEC51D36EE}.Release|Any CPU.Build.0 = Release|Any CPU
		{B91DDD59-F211-4815-992C-4CFEC51D36EE}.Release|Mixed Platforms.ActiveCfg = Release|x86
		{B91DDD59-F211-4815-992C-4CFEC51D36EE}.Release|Mixed Platforms.Build.0 = Release|x86
		{B91DDD59-F211-4815-992C-4CFEC51D36EE}.Release|x64.ActiveCfg = Release|Any CPU
		{B91DDD59-F211-4815-992C-4CFEC51D36EE}.Release|x86.ActiveCfg = Release|x86
		{B91DDD59-F211-4815-992C-4CFEC51D36EE}.Release|x86.Build.0 = Release|x86
		{18C3AE3C-E032-4FE9-AD14-E602BA663BE4}.Debug|Any CPU.ActiveCfg = Debug|Any CPU
		{18C3AE3C-E032-4FE9-AD14-E602BA663BE4}.Debug|Any CPU.Build.0 = Debug|Any CPU
		{18C3AE3C-E032-4FE9-AD14-E602BA663BE4}.Debug|Mixed Platforms.ActiveCfg = Debug|Any CPU
		{18C3AE3C-E032-4FE9-AD14-E602BA663BE4}.Debug|Mixed Platforms.Build.0 = Debug|Any CPU
		{18C3AE3C-E032-4FE9-AD14-E602BA663BE4}.Debug|x64.ActiveCfg = Debug|Any CPU
		{18C3AE3C-E032-4FE9-AD14-E602BA663BE4}.Debug|x86.ActiveCfg = Debug|Any CPU
		{18C3AE3C-E032-4FE9-AD14-E602BA663BE4}.Release|Any CPU.ActiveCfg = Release|Any CPU
		{18C3AE3C-E032-4FE9-AD14-E602BA663BE4}.Release|Any CPU.Build.0 = Release|Any CPU
		{18C3AE3C-E032-4FE9-AD14-E602BA663BE4}.Release|Mixed Platforms.ActiveCfg = Release|Any CPU
		{18C3AE3C-E032-4FE9-AD14-E602BA663BE4}.Release|Mixed Platforms.Build.0 = Release|Any CPU
		{18C3AE3C-E032-4FE9-AD14-E602BA663BE4}.Release|x64.ActiveCfg = Release|Any CPU
		{18C3AE3C-E032-4FE9-AD14-E602BA663BE4}.Release|x86.ActiveCfg = Release|Any CPU
		{BD302EEC-97DE-4C25-B229-2B5BD0D7822C}.Debug|Any CPU.ActiveCfg = Debug|Any CPU
		{BD302EEC-97DE-4C25-B229-2B5BD0D7822C}.Debug|Any CPU.Build.0 = Debug|Any CPU
		{BD302EEC-97DE-4C25-B229-2B5BD0D7822C}.Debug|Mixed Platforms.ActiveCfg = Debug|Any CPU
		{BD302EEC-97DE-4C25-B229-2B5BD0D7822C}.Debug|Mixed Platforms.Build.0 = Debug|Any CPU
		{BD302EEC-97DE-4C25-B229-2B5BD0D7822C}.Debug|x64.ActiveCfg = Debug|Any CPU
		{BD302EEC-97DE-4C25-B229-2B5BD0D7822C}.Debug|x86.ActiveCfg = Debug|Any CPU
		{BD302EEC-97DE-4C25-B229-2B5BD0D7822C}.Release|Any CPU.ActiveCfg = Release|Any CPU
		{BD302EEC-97DE-4C25-B229-2B5BD0D7822C}.Release|Any CPU.Build.0 = Release|Any CPU
		{BD302EEC-97DE-4C25-B229-2B5BD0D7822C}.Release|Mixed Platforms.ActiveCfg = Release|Any CPU
		{BD302EEC-97DE-4C25-B229-2B5BD0D7822C}.Release|Mixed Platforms.Build.0 = Release|Any CPU
		{BD302EEC-97DE-4C25-B229-2B5BD0D7822C}.Release|x64.ActiveCfg = Release|Any CPU
		{BD302EEC-97DE-4C25-B229-2B5BD0D7822C}.Release|x86.ActiveCfg = Release|Any CPU
		{D4581AC5-AD22-4596-BD66-643F4855A3FF}.Debug|Any CPU.ActiveCfg = Debug|Any CPU
		{D4581AC5-AD22-4596-BD66-643F4855A3FF}.Debug|Any CPU.Build.0 = Debug|Any CPU
		{D4581AC5-AD22-4596-BD66-643F4855A3FF}.Debug|Mixed Platforms.ActiveCfg = Debug|Any CPU
		{D4581AC5-AD22-4596-BD66-643F4855A3FF}.Debug|Mixed Platforms.Build.0 = Debug|Any CPU
		{D4581AC5-AD22-4596-BD66-643F4855A3FF}.Debug|x64.ActiveCfg = Debug|Any CPU
		{D4581AC5-AD22-4596-BD66-643F4855A3FF}.Debug|x86.ActiveCfg = Debug|Any CPU
		{D4581AC5-AD22-4596-BD66-643F4855A3FF}.Release|Any CPU.ActiveCfg = Release|Any CPU
		{D4581AC5-AD22-4596-BD66-643F4855A3FF}.Release|Any CPU.Build.0 = Release|Any CPU
		{D4581AC5-AD22-4596-BD66-643F4855A3FF}.Release|Mixed Platforms.ActiveCfg = Release|Any CPU
		{D4581AC5-AD22-4596-BD66-643F4855A3FF}.Release|Mixed Platforms.Build.0 = Release|Any CPU
		{D4581AC5-AD22-4596-BD66-643F4855A3FF}.Release|x64.ActiveCfg = Release|Any CPU
		{D4581AC5-AD22-4596-BD66-643F4855A3FF}.Release|x86.ActiveCfg = Release|Any CPU
		{626E1E63-5B21-43AF-A5BB-F93AA43DF5A9}.Debug|Any CPU.ActiveCfg = Debug|Any CPU
		{626E1E63-5B21-43AF-A5BB-F93AA43DF5A9}.Debug|Any CPU.Build.0 = Debug|Any CPU
		{626E1E63-5B21-43AF-A5BB-F93AA43DF5A9}.Debug|Mixed Platforms.ActiveCfg = Debug|Any CPU
		{626E1E63-5B21-43AF-A5BB-F93AA43DF5A9}.Debug|Mixed Platforms.Build.0 = Debug|Any CPU
		{626E1E63-5B21-43AF-A5BB-F93AA43DF5A9}.Debug|x64.ActiveCfg = Debug|Any CPU
		{626E1E63-5B21-43AF-A5BB-F93AA43DF5A9}.Debug|x86.ActiveCfg = Debug|Any CPU
		{626E1E63-5B21-43AF-A5BB-F93AA43DF5A9}.Release|Any CPU.ActiveCfg = Release|Any CPU
		{626E1E63-5B21-43AF-A5BB-F93AA43DF5A9}.Release|Any CPU.Build.0 = Release|Any CPU
		{626E1E63-5B21-43AF-A5BB-F93AA43DF5A9}.Release|Mixed Platforms.ActiveCfg = Release|Any CPU
		{626E1E63-5B21-43AF-A5BB-F93AA43DF5A9}.Release|Mixed Platforms.Build.0 = Release|Any CPU
		{626E1E63-5B21-43AF-A5BB-F93AA43DF5A9}.Release|x64.ActiveCfg = Release|Any CPU
		{626E1E63-5B21-43AF-A5BB-F93AA43DF5A9}.Release|x86.ActiveCfg = Release|Any CPU
	EndGlobalSection
	GlobalSection(SolutionProperties) = preSolution
		HideSolutionNode = FALSE
	EndGlobalSection
EndGlobal
