
Microsoft Visual Studio Solution File, Format Version 12.00
# Visual Studio 2012
Project("{2150E333-8FDC-42A3-9474-1A3956D46DE8}") = ".nuget", ".nuget", "{077FCC93-745F-4B34-8EF1-F4F83B5A4A3C}"
	ProjectSection(SolutionItems) = preProject
		.nuget\NuGet.Config = .nuget\NuGet.Config
		.nuget\NuGet.exe = .nuget\NuGet.exe
	EndProjectSection
EndProject
Project("{FAE04EC0-301F-11D3-BF4B-00C04F79EFBC}") = "Coondornator.gui", "Coondornator.gui\Coondornator.gui.csproj", "{626E1E63-5B21-43AF-A5BB-F93AA43DF5A9}"
EndProject
Project("{FAE04EC0-301F-11D3-BF4B-00C04F79EFBC}") = "Coondornator.lib", "Coondornator.lib\Coondornator.lib.csproj", "{D4581AC5-AD22-4596-BD66-643F4855A3FF}"
EndProject
Project("{FAE04EC0-301F-11D3-BF4B-00C04F79EFBC}") = "Coondornator.cmd", "Coondornator.cmd\Coondornator.cmd.csproj", "{E30706A1-6400-4365-BA24-D149BCEF47C3}"
EndProject
Global
	GlobalSection(SolutionConfigurationPlatforms) = preSolution
		Debug|Any CPU = Debug|Any CPU
		Release|Any CPU = Release|Any CPU
	EndGlobalSection
	GlobalSection(ProjectConfigurationPlatforms) = postSolution
		{626E1E63-5B21-43AF-A5BB-F93AA43DF5A9}.Debug|Any CPU.ActiveCfg = Debug|Any CPU
		{626E1E63-5B21-43AF-A5BB-F93AA43DF5A9}.Debug|Any CPU.Build.0 = Debug|Any CPU
		{626E1E63-5B21-43AF-A5BB-F93AA43DF5A9}.Release|Any CPU.ActiveCfg = Release|Any CPU
		{626E1E63-5B21-43AF-A5BB-F93AA43DF5A9}.Release|Any CPU.Build.0 = Release|Any CPU
		{D4581AC5-AD22-4596-BD66-643F4855A3FF}.Debug|Any CPU.ActiveCfg = Debug|Any CPU
		{D4581AC5-AD22-4596-BD66-643F4855A3FF}.Debug|Any CPU.Build.0 = Debug|Any CPU
		{D4581AC5-AD22-4596-BD66-643F4855A3FF}.Release|Any CPU.ActiveCfg = Release|Any CPU
		{D4581AC5-AD22-4596-BD66-643F4855A3FF}.Release|Any CPU.Build.0 = Release|Any CPU
		{E30706A1-6400-4365-BA24-D149BCEF47C3}.Debug|Any CPU.ActiveCfg = Debug|Any CPU
		{E30706A1-6400-4365-BA24-D149BCEF47C3}.Debug|Any CPU.Build.0 = Debug|Any CPU
		{E30706A1-6400-4365-BA24-D149BCEF47C3}.Release|Any CPU.ActiveCfg = Release|Any CPU
		{E30706A1-6400-4365-BA24-D149BCEF47C3}.Release|Any CPU.Build.0 = Release|Any CPU
	EndGlobalSection
	GlobalSection(SolutionProperties) = preSolution
		HideSolutionNode = FALSE
	EndGlobalSection
EndGlobal
