
Microsoft Visual Studio Solution File, Format Version 11.00
# Visual Studio 2010
Project("{FAE04EC0-301F-11D3-BF4B-00C04F79EFBC}") = "Low-Res FDR Optimizer", "Low-Res FDR Optimizer.csproj", "{542B99D3-D91D-4DFD-9395-2975BB3CF38F}"
EndProject
Global
	GlobalSection(SolutionConfigurationPlatforms) = preSolution
		Debug|Any CPU = Debug|Any CPU
		Release|Any CPU = Release|Any CPU
	EndGlobalSection
	GlobalSection(ProjectConfigurationPlatforms) = postSolution
		{542B99D3-D91D-4DFD-9395-2975BB3CF38F}.Debug|Any CPU.ActiveCfg = Debug|Any CPU
		{542B99D3-D91D-4DFD-9395-2975BB3CF38F}.Debug|Any CPU.Build.0 = Debug|Any CPU
		{542B99D3-D91D-4DFD-9395-2975BB3CF38F}.Release|Any CPU.ActiveCfg = Release|Any CPU
		{542B99D3-D91D-4DFD-9395-2975BB3CF38F}.Release|Any CPU.Build.0 = Release|Any CPU
	EndGlobalSection
	GlobalSection(SolutionProperties) = preSolution
		HideSolutionNode = FALSE
	EndGlobalSection
EndGlobal
